// !$*UTF8*$!
{
	archiveVersion = 1;
	classes = {
	};
	objectVersion = 56;
	objects = {

/* Begin PBXBuildFile section */
		EA04BE702C372BD0007D71D2 /* Lullaby.mp3 in Resources */ = {isa = PBXBuildFile; fileRef = EA04BE6B2C372BD0007D71D2 /* Lullaby.mp3 */; };
		EA04BE712C372BD0007D71D2 /* Sweet_dreams.mp3 in Resources */ = {isa = PBXBuildFile; fileRef = EA04BE6C2C372BD0007D71D2 /* Sweet_dreams.mp3 */; };
		EA04BE722C372BD0007D71D2 /* Ocean_waves.mp3 in Resources */ = {isa = PBXBuildFile; fileRef = EA04BE6D2C372BD0007D71D2 /* Ocean_waves.mp3 */; };
		EA04BE742C372BD0007D71D2 /* Rain_sound.mp3 in Resources */ = {isa = PBXBuildFile; fileRef = EA04BE6F2C372BD0007D71D2 /* Rain_sound.mp3 */; };
		EABB54622C2A8DA600182077 /* ILDAApp.swift in Sources */ = {isa = PBXBuildFile; fileRef = EABB54612C2A8DA600182077 /* ILDAApp.swift */; };
		EABB54642C2A8DA600182077 /* ContentView.swift in Sources */ = {isa = PBXBuildFile; fileRef = EABB54632C2A8DA600182077 /* ContentView.swift */; };
		EABB54662C2A8DA800182077 /* Assets.xcassets in Resources */ = {isa = PBXBuildFile; fileRef = EABB54652C2A8DA800182077 /* Assets.xcassets */; };
		EABB54692C2A8DA800182077 /* Preview Assets.xcassets in Resources */ = {isa = PBXBuildFile; fileRef = EABB54682C2A8DA800182077 /* Preview Assets.xcassets */; };
		EABB54702C2A8DFC00182077 /* AudioController.swift in Sources */ = {isa = PBXBuildFile; fileRef = EABB546F2C2A8DFC00182077 /* AudioController.swift */; };
/* End PBXBuildFile section */

/* Begin PBXFileReference section */
		EA04BE6B2C372BD0007D71D2 /* Lullaby.mp3 */ = {isa = PBXFileReference; lastKnownFileType = audio.mp3; path = Lullaby.mp3; sourceTree = "<group>"; };
		EA04BE6C2C372BD0007D71D2 /* Sweet_dreams.mp3 */ = {isa = PBXFileReference; lastKnownFileType = audio.mp3; path = Sweet_dreams.mp3; sourceTree = "<group>"; };
		EA04BE6D2C372BD0007D71D2 /* Ocean_waves.mp3 */ = {isa = PBXFileReference; lastKnownFileType = audio.mp3; path = Ocean_waves.mp3; sourceTree = "<group>"; };
		EA04BE6F2C372BD0007D71D2 /* Rain_sound.mp3 */ = {isa = PBXFileReference; lastKnownFileType = audio.mp3; path = Rain_sound.mp3; sourceTree = "<group>"; };
		EA04BE752C37405A007D71D2 /* Info.plist */ = {isa = PBXFileReference; lastKnownFileType = text.plist; path = Info.plist; sourceTree = "<group>"; };
		EABB545E2C2A8DA600182077 /* ILDA.app */ = {isa = PBXFileReference; explicitFileType = wrapper.application; includeInIndex = 0; path = ILDA.app; sourceTree = BUILT_PRODUCTS_DIR; };
		EABB54612C2A8DA600182077 /* ILDAApp.swift */ = {isa = PBXFileReference; lastKnownFileType = sourcecode.swift; path = ILDAApp.swift; sourceTree = "<group>"; };
		EABB54632C2A8DA600182077 /* ContentView.swift */ = {isa = PBXFileReference; lastKnownFileType = sourcecode.swift; path = ContentView.swift; sourceTree = "<group>"; };
		EABB54652C2A8DA800182077 /* Assets.xcassets */ = {isa = PBXFileReference; lastKnownFileType = folder.assetcatalog; path = Assets.xcassets; sourceTree = "<group>"; };
		EABB54682C2A8DA800182077 /* Preview Assets.xcassets */ = {isa = PBXFileReference; lastKnownFileType = folder.assetcatalog; path = "Preview Assets.xcassets"; sourceTree = "<group>"; };
		EABB546F2C2A8DFC00182077 /* AudioController.swift */ = {isa = PBXFileReference; fileEncoding = 4; lastKnownFileType = sourcecode.swift; path = AudioController.swift; sourceTree = "<group>"; };
/* End PBXFileReference section */

/* Begin PBXFrameworksBuildPhase section */
		EABB545B2C2A8DA600182077 /* Frameworks */ = {
			isa = PBXFrameworksBuildPhase;
			buildActionMask = 2147483647;
			files = (
			);
			runOnlyForDeploymentPostprocessing = 0;
		};
/* End PBXFrameworksBuildPhase section */

/* Begin PBXGroup section */
		EA04BE682C372975007D71D2 /* tones */ = {
			isa = PBXGroup;
			children = (
				EA04BE6B2C372BD0007D71D2 /* Lullaby.mp3 */,
				EA04BE6D2C372BD0007D71D2 /* Ocean_waves.mp3 */,
				EA04BE6F2C372BD0007D71D2 /* Rain_sound.mp3 */,
				EA04BE6C2C372BD0007D71D2 /* Sweet_dreams.mp3 */,
			);
			path = tones;
			sourceTree = "<group>";
		};
		EABB54552C2A8DA600182077 = {
			isa = PBXGroup;
			children = (
				EABB54602C2A8DA600182077 /* ILDA */,
				EABB545F2C2A8DA600182077 /* Products */,
			);
			sourceTree = "<group>";
		};
		EABB545F2C2A8DA600182077 /* Products */ = {
			isa = PBXGroup;
			children = (
				EABB545E2C2A8DA600182077 /* ILDA.app */,
			);
			name = Products;
			sourceTree = "<group>";
		};
		EABB54602C2A8DA600182077 /* ILDA */ = {
			isa = PBXGroup;
			children = (
				EA04BE752C37405A007D71D2 /* Info.plist */,
				EA04BE682C372975007D71D2 /* tones */,
				EABB54612C2A8DA600182077 /* ILDAApp.swift */,
				EABB546F2C2A8DFC00182077 /* AudioController.swift */,
				EABB54632C2A8DA600182077 /* ContentView.swift */,
				EABB54652C2A8DA800182077 /* Assets.xcassets */,
				EABB54672C2A8DA800182077 /* Preview Content */,
			);
			path = ILDA;
			sourceTree = "<group>";
		};
		EABB54672C2A8DA800182077 /* Preview Content */ = {
			isa = PBXGroup;
			children = (
				EABB54682C2A8DA800182077 /* Preview Assets.xcassets */,
			);
			path = "Preview Content";
			sourceTree = "<group>";
		};
/* End PBXGroup section */

/* Begin PBXNativeTarget section */
		EABB545D2C2A8DA600182077 /* ILDA */ = {
			isa = PBXNativeTarget;
			buildConfigurationList = EABB546C2C2A8DA800182077 /* Build configuration list for PBXNativeTarget "ILDA" */;
			buildPhases = (
				EABB545A2C2A8DA600182077 /* Sources */,
				EABB545B2C2A8DA600182077 /* Frameworks */,
				EABB545C2C2A8DA600182077 /* Resources */,
			);
			buildRules = (
			);
			dependencies = (
			);
			name = ILDA;
			productName = ILDA;
			productReference = EABB545E2C2A8DA600182077 /* ILDA.app */;
			productType = "com.apple.product-type.application";
		};
/* End PBXNativeTarget section */

/* Begin PBXProject section */
		EABB54562C2A8DA600182077 /* Project object */ = {
			isa = PBXProject;
			attributes = {
				BuildIndependentTargetsInParallel = 1;
				LastSwiftUpdateCheck = 1540;
				LastUpgradeCheck = 1540;
				TargetAttributes = {
					EABB545D2C2A8DA600182077 = {
						CreatedOnToolsVersion = 15.4;
					};
				};
			};
			buildConfigurationList = EABB54592C2A8DA600182077 /* Build configuration list for PBXProject "ILDA" */;
			compatibilityVersion = "Xcode 14.0";
			developmentRegion = en;
			hasScannedForEncodings = 0;
			knownRegions = (
				en,
				Base,
			);
			mainGroup = EABB54552C2A8DA600182077;
			productRefGroup = EABB545F2C2A8DA600182077 /* Products */;
			projectDirPath = "";
			projectRoot = "";
			targets = (
				EABB545D2C2A8DA600182077 /* ILDA */,
			);
		};
/* End PBXProject section */

/* Begin PBXResourcesBuildPhase section */
		EABB545C2C2A8DA600182077 /* Resources */ = {
			isa = PBXResourcesBuildPhase;
			buildActionMask = 2147483647;
			files = (
				EA04BE712C372BD0007D71D2 /* Sweet_dreams.mp3 in Resources */,
				EABB54692C2A8DA800182077 /* Preview Assets.xcassets in Resources */,
				EA04BE722C372BD0007D71D2 /* Ocean_waves.mp3 in Resources */,
				EABB54662C2A8DA800182077 /* Assets.xcassets in Resources */,
				EA04BE702C372BD0007D71D2 /* Lullaby.mp3 in Resources */,
				EA04BE742C372BD0007D71D2 /* Rain_sound.mp3 in Resources */,
			);
			runOnlyForDeploymentPostprocessing = 0;
		};
/* End PBXResourcesBuildPhase section */

/* Begin PBXSourcesBuildPhase section */
		EABB545A2C2A8DA600182077 /* Sources */ = {
			isa = PBXSourcesBuildPhase;
			buildActionMask = 2147483647;
			files = (
				EABB54642C2A8DA600182077 /* ContentView.swift in Sources */,
				EABB54702C2A8DFC00182077 /* AudioController.swift in Sources */,
				EABB54622C2A8DA600182077 /* ILDAApp.swift in Sources */,
			);
			runOnlyForDeploymentPostprocessing = 0;
		};
/* End PBXSourcesBuildPhase section */

/* Begin XCBuildConfiguration section */
		EABB546A2C2A8DA800182077 /* Debug */ = {
			isa = XCBuildConfiguration;
			buildSettings = {
				ALWAYS_SEARCH_USER_PATHS = NO;
				ASSETCATALOG_COMPILER_GENERATE_SWIFT_ASSET_SYMBOL_EXTENSIONS = YES;
				CLANG_ANALYZER_NONNULL = YES;
				CLANG_ANALYZER_NUMBER_OBJECT_CONVERSION = YES_AGGRESSIVE;
				CLANG_CXX_LANGUAGE_STANDARD = "gnu++20";
				CLANG_ENABLE_MODULES = YES;
				CLANG_ENABLE_OBJC_ARC = YES;
				CLANG_ENABLE_OBJC_WEAK = YES;
				CLANG_WARN_BLOCK_CAPTURE_AUTORELEASING = YES;
				CLANG_WARN_BOOL_CONVERSION = YES;
				CLANG_WARN_COMMA = YES;
				CLANG_WARN_CONSTANT_CONVERSION = YES;
				CLANG_WARN_DEPRECATED_OBJC_IMPLEMENTATIONS = YES;
				CLANG_WARN_DIRECT_OBJC_ISA_USAGE = YES_ERROR;
				CLANG_WARN_DOCUMENTATION_COMMENTS = YES;
				CLANG_WARN_EMPTY_BODY = YES;
				CLANG_WARN_ENUM_CONVERSION = YES;
				CLANG_WARN_INFINITE_RECURSION = YES;
				CLANG_WARN_INT_CONVERSION = YES;
				CLANG_WARN_NON_LITERAL_NULL_CONVERSION = YES;
				CLANG_WARN_OBJC_IMPLICIT_RETAIN_SELF = YES;
				CLANG_WARN_OBJC_LITERAL_CONVERSION = YES;
				CLANG_WARN_OBJC_ROOT_CLASS = YES_ERROR;
				CLANG_WARN_QUOTED_INCLUDE_IN_FRAMEWORK_HEADER = YES;
				CLANG_WARN_RANGE_LOOP_ANALYSIS = YES;
				CLANG_WARN_STRICT_PROTOTYPES = YES;
				CLANG_WARN_SUSPICIOUS_MOVE = YES;
				CLANG_WARN_UNGUARDED_AVAILABILITY = YES_AGGRESSIVE;
				CLANG_WARN_UNREACHABLE_CODE = YES;
				CLANG_WARN__DUPLICATE_METHOD_MATCH = YES;
				COPY_PHASE_STRIP = NO;
				DEBUG_INFORMATION_FORMAT = dwarf;
				ENABLE_STRICT_OBJC_MSGSEND = YES;
				ENABLE_TESTABILITY = YES;
				ENABLE_USER_SCRIPT_SANDBOXING = YES;
				GCC_C_LANGUAGE_STANDARD = gnu17;
				GCC_DYNAMIC_NO_PIC = NO;
				GCC_NO_COMMON_BLOCKS = YES;
				GCC_OPTIMIZATION_LEVEL = 0;
				GCC_PREPROCESSOR_DEFINITIONS = (
					"DEBUG=1",
					"$(inherited)",
				);
				GCC_WARN_64_TO_32_BIT_CONVERSION = YES;
				GCC_WARN_ABOUT_RETURN_TYPE = YES_ERROR;
				GCC_WARN_UNDECLARED_SELECTOR = YES;
				GCC_WARN_UNINITIALIZED_AUTOS = YES_AGGRESSIVE;
				GCC_WARN_UNUSED_FUNCTION = YES;
				GCC_WARN_UNUSED_VARIABLE = YES;
				IPHONEOS_DEPLOYMENT_TARGET = 17.5;
				LOCALIZATION_PREFERS_STRING_CATALOGS = YES;
				MTL_ENABLE_DEBUG_INFO = INCLUDE_SOURCE;
				MTL_FAST_MATH = YES;
				ONLY_ACTIVE_ARCH = YES;
				SDKROOT = iphoneos;
				SWIFT_ACTIVE_COMPILATION_CONDITIONS = "DEBUG $(inherited)";
				SWIFT_OPTIMIZATION_LEVEL = "-Onone";
			};
			name = Debug;
		};
		EABB546B2C2A8DA800182077 /* Release */ = {
			isa = XCBuildConfiguration;
			buildSettings = {
				ALWAYS_SEARCH_USER_PATHS = NO;
				ASSETCATALOG_COMPILER_GENERATE_SWIFT_ASSET_SYMBOL_EXTENSIONS = YES;
				CLANG_ANALYZER_NONNULL = YES;
				CLANG_ANALYZER_NUMBER_OBJECT_CONVERSION = YES_AGGRESSIVE;
				CLANG_CXX_LANGUAGE_STANDARD = "gnu++20";
				CLANG_ENABLE_MODULES = YES;
				CLANG_ENABLE_OBJC_ARC = YES;
				CLANG_ENABLE_OBJC_WEAK = YES;
				CLANG_WARN_BLOCK_CAPTURE_AUTORELEASING = YES;
				CLANG_WARN_BOOL_CONVERSION = YES;
				CLANG_WARN_COMMA = YES;
				CLANG_WARN_CONSTANT_CONVERSION = YES;
				CLANG_WARN_DEPRECATED_OBJC_IMPLEMENTATIONS = YES;
				CLANG_WARN_DIRECT_OBJC_ISA_USAGE = YES_ERROR;
				CLANG_WARN_DOCUMENTATION_COMMENTS = YES;
				CLANG_WARN_EMPTY_BODY = YES;
				CLANG_WARN_ENUM_CONVERSION = YES;
				CLANG_WARN_INFINITE_RECURSION = YES;
				CLANG_WARN_INT_CONVERSION = YES;
				CLANG_WARN_NON_LITERAL_NULL_CONVERSION = YES;
				CLANG_WARN_OBJC_IMPLICIT_RETAIN_SELF = YES;
				CLANG_WARN_OBJC_LITERAL_CONVERSION = YES;
				CLANG_WARN_OBJC_ROOT_CLASS = YES_ERROR;
				CLANG_WARN_QUOTED_INCLUDE_IN_FRAMEWORK_HEADER = YES;
				CLANG_WARN_RANGE_LOOP_ANALYSIS = YES;
				CLANG_WARN_STRICT_PROTOTYPES = YES;
				CLANG_WARN_SUSPICIOUS_MOVE = YES;
				CLANG_WARN_UNGUARDED_AVAILABILITY = YES_AGGRESSIVE;
				CLANG_WARN_UNREACHABLE_CODE = YES;
				CLANG_WARN__DUPLICATE_METHOD_MATCH = YES;
				COPY_PHASE_STRIP = NO;
				DEBUG_INFORMATION_FORMAT = "dwarf-with-dsym";
				ENABLE_NS_ASSERTIONS = NO;
				ENABLE_STRICT_OBJC_MSGSEND = YES;
				ENABLE_USER_SCRIPT_SANDBOXING = YES;
				GCC_C_LANGUAGE_STANDARD = gnu17;
				GCC_NO_COMMON_BLOCKS = YES;
				GCC_WARN_64_TO_32_BIT_CONVERSION = YES;
				GCC_WARN_ABOUT_RETURN_TYPE = YES_ERROR;
				GCC_WARN_UNDECLARED_SELECTOR = YES;
				GCC_WARN_UNINITIALIZED_AUTOS = YES_AGGRESSIVE;
				GCC_WARN_UNUSED_FUNCTION = YES;
				GCC_WARN_UNUSED_VARIABLE = YES;
				IPHONEOS_DEPLOYMENT_TARGET = 17.5;
				LOCALIZATION_PREFERS_STRING_CATALOGS = YES;
				MTL_ENABLE_DEBUG_INFO = NO;
				MTL_FAST_MATH = YES;
				SDKROOT = iphoneos;
				SWIFT_COMPILATION_MODE = wholemodule;
				VALIDATE_PRODUCT = YES;
			};
			name = Release;
		};
		EABB546D2C2A8DA800182077 /* Debug */ = {
			isa = XCBuildConfiguration;
			buildSettings = {
				ASSETCATALOG_COMPILER_APPICON_NAME = AppIcon;
				ASSETCATALOG_COMPILER_GLOBAL_ACCENT_COLOR_NAME = AccentColor;
				CODE_SIGN_IDENTITY = "Apple Development";
				CODE_SIGN_STYLE = Automatic;
				CURRENT_PROJECT_VERSION = 3;
				DEVELOPMENT_ASSET_PATHS = "\"ILDA/Preview Content\"";
				DEVELOPMENT_TEAM = AJ67RUJC7P;
				ENABLE_PREVIEWS = YES;
				GENERATE_INFOPLIST_FILE = YES;
				INFOPLIST_FILE = ILDA/Info.plist;
				INFOPLIST_KEY_CFBundleDisplayName = ILDA;
				INFOPLIST_KEY_UIApplicationSceneManifest_Generation = YES;
				INFOPLIST_KEY_UIApplicationSupportsIndirectInputEvents = YES;
				INFOPLIST_KEY_UILaunchScreen_Generation = YES;
				INFOPLIST_KEY_UISupportedInterfaceOrientations = UIInterfaceOrientationPortrait;
				LD_RUNPATH_SEARCH_PATHS = (
					"$(inherited)",
					"@executable_path/Frameworks",
				);
				MARKETING_VERSION = 1.0;
				PRODUCT_BUNDLE_IDENTIFIER = com.tecorb.Melody;
				PRODUCT_NAME = "$(TARGET_NAME)";
				PROVISIONING_PROFILE_SPECIFIER = "";
				SWIFT_EMIT_LOC_STRINGS = YES;
				SWIFT_VERSION = 5.0;
				TARGETED_DEVICE_FAMILY = "1,2";
			};
			name = Debug;
		};
		EABB546E2C2A8DA800182077 /* Release */ = {
			isa = XCBuildConfiguration;
			buildSettings = {
				ASSETCATALOG_COMPILER_APPICON_NAME = AppIcon;
				ASSETCATALOG_COMPILER_GLOBAL_ACCENT_COLOR_NAME = AccentColor;
				CODE_SIGN_IDENTITY = "Apple Development";
				CODE_SIGN_STYLE = Automatic;
				CURRENT_PROJECT_VERSION = 3;
				DEVELOPMENT_ASSET_PATHS = "\"ILDA/Preview Content\"";
				DEVELOPMENT_TEAM = AJ67RUJC7P;
				ENABLE_PREVIEWS = YES;
				GENERATE_INFOPLIST_FILE = YES;
				INFOPLIST_FILE = ILDA/Info.plist;
				INFOPLIST_KEY_CFBundleDisplayName = ILDA;
				INFOPLIST_KEY_UIApplicationSceneManifest_Generation = YES;
				INFOPLIST_KEY_UIApplicationSupportsIndirectInputEvents = YES;
				INFOPLIST_KEY_UILaunchScreen_Generation = YES;
				INFOPLIST_KEY_UISupportedInterfaceOrientations = UIInterfaceOrientationPortrait;
				LD_RUNPATH_SEARCH_PATHS = (
					"$(inherited)",
					"@executable_path/Frameworks",
				);
				MARKETING_VERSION = 1.0;
				PRODUCT_BUNDLE_IDENTIFIER = com.tecorb.Melody;
				PRODUCT_NAME = "$(TARGET_NAME)";
				PROVISIONING_PROFILE_SPECIFIER = "";
				SWIFT_EMIT_LOC_STRINGS = YES;
				SWIFT_VERSION = 5.0;
				TARGETED_DEVICE_FAMILY = "1,2";
			};
			name = Release;
		};
/* End XCBuildConfiguration section */

/* Begin XCConfigurationList section */
		EABB54592C2A8DA600182077 /* Build configuration list for PBXProject "ILDA" */ = {
			isa = XCConfigurationList;
			buildConfigurations = (
				EABB546A2C2A8DA800182077 /* Debug */,
				EABB546B2C2A8DA800182077 /* Release */,
			);
			defaultConfigurationIsVisible = 0;
			defaultConfigurationName = Release;
		};
		EABB546C2C2A8DA800182077 /* Build configuration list for PBXNativeTarget "ILDA" */ = {
			isa = XCConfigurationList;
			buildConfigurations = (
				EABB546D2C2A8DA800182077 /* Debug */,
				EABB546E2C2A8DA800182077 /* Release */,
			);
			defaultConfigurationIsVisible = 0;
			defaultConfigurationName = Release;
		};
/* End XCConfigurationList section */
	};
	rootObject = EABB54562C2A8DA600182077 /* Project object */;
}
